
Microsoft Visual Studio Solution File, Format Version 12.00
# Visual Studio Version 16
VisualStudioVersion = 16.0.29613.14
MinimumVisualStudioVersion = 10.0.40219.1
Project("{F184B08F-C81C-45F6-A57F-5ABD9991F28F}") = "MessageFunc", "MessageFunc.vbproj", "{545628B5-A532-4190-AC7D-436C8373980B}"
EndProject
Global
	GlobalSection(SolutionConfigurationPlatforms) = preSolution
		Debug|Any CPU = Debug|Any CPU
		Release|Any CPU = Release|Any CPU
	EndGlobalSection
	GlobalSection(ProjectConfigurationPlatforms) = postSolution
		{545628B5-A532-4190-AC7D-436C8373980B}.Debug|Any CPU.ActiveCfg = Debug|Any CPU
		{545628B5-A532-4190-AC7D-436C8373980B}.Debug|Any CPU.Build.0 = Debug|Any CPU
		{545628B5-A532-4190-AC7D-436C8373980B}.Release|Any CPU.ActiveCfg = Release|Any CPU
		{545628B5-A532-4190-AC7D-436C8373980B}.Release|Any CPU.Build.0 = Release|Any CPU
	EndGlobalSection
	GlobalSection(SolutionProperties) = preSolution
		HideSolutionNode = FALSE
	EndGlobalSection
	GlobalSection(ExtensibilityGlobals) = postSolution
		SolutionGuid = {9FB50613-16D6-4713-BB89-6597C0609294}
	EndGlobalSection
EndGlobal
