
Microsoft Visual Studio Solution File, Format Version 12.00
# Visual Studio Version 16
VisualStudioVersion = 16.0.29613.14
MinimumVisualStudioVersion = 10.0.40219.1
Project("{F184B08F-C81C-45F6-A57F-5ABD9991F28F}") = "accumulatemessagefunction", "accumulatemessagefunction.vbproj", "{909607BE-54BF-409F-B7A1-4356B70BF108}"
EndProject
Global
	GlobalSection(SolutionConfigurationPlatforms) = preSolution
		Debug|Any CPU = Debug|Any CPU
		Release|Any CPU = Release|Any CPU
	EndGlobalSection
	GlobalSection(ProjectConfigurationPlatforms) = postSolution
		{909607BE-54BF-409F-B7A1-4356B70BF108}.Debug|Any CPU.ActiveCfg = Debug|Any CPU
		{909607BE-54BF-409F-B7A1-4356B70BF108}.Debug|Any CPU.Build.0 = Debug|Any CPU
		{909607BE-54BF-409F-B7A1-4356B70BF108}.Release|Any CPU.ActiveCfg = Release|Any CPU
		{909607BE-54BF-409F-B7A1-4356B70BF108}.Release|Any CPU.Build.0 = Release|Any CPU
	EndGlobalSection
	GlobalSection(SolutionProperties) = preSolution
		HideSolutionNode = FALSE
	EndGlobalSection
	GlobalSection(ExtensibilityGlobals) = postSolution
		SolutionGuid = {CDDA2278-2953-48DB-919A-09F3C3D03DC5}
	EndGlobalSection
EndGlobal
