
Microsoft Visual Studio Solution File, Format Version 12.00
# Visual Studio Version 16
VisualStudioVersion = 16.0.29613.14
MinimumVisualStudioVersion = 10.0.40219.1
Project("{F184B08F-C81C-45F6-A57F-5ABD9991F28F}") = "SUBFUNCTION", "SUBFUNCTION.vbproj", "{E2F67B21-069E-4FAD-BB16-7C99E180334D}"
EndProject
Global
	GlobalSection(SolutionConfigurationPlatforms) = preSolution
		Debug|Any CPU = Debug|Any CPU
		Release|Any CPU = Release|Any CPU
	EndGlobalSection
	GlobalSection(ProjectConfigurationPlatforms) = postSolution
		{E2F67B21-069E-4FAD-BB16-7C99E180334D}.Debug|Any CPU.ActiveCfg = Debug|Any CPU
		{E2F67B21-069E-4FAD-BB16-7C99E180334D}.Debug|Any CPU.Build.0 = Debug|Any CPU
		{E2F67B21-069E-4FAD-BB16-7C99E180334D}.Release|Any CPU.ActiveCfg = Release|Any CPU
		{E2F67B21-069E-4FAD-BB16-7C99E180334D}.Release|Any CPU.Build.0 = Release|Any CPU
	EndGlobalSection
	GlobalSection(SolutionProperties) = preSolution
		HideSolutionNode = FALSE
	EndGlobalSection
	GlobalSection(ExtensibilityGlobals) = postSolution
		SolutionGuid = {B8BE3764-A670-4414-B5B6-FA704B1B2934}
	EndGlobalSection
EndGlobal
